// !$*UTF8*$!
{
	archiveVersion = 1;
	classes = {
	};
	objectVersion = 50;
	objects = {

/* Begin PBXBuildFile section */
		E4AC661624026B180081424E /* AppDelegate.swift in Sources */ = {isa = PBXBuildFile; fileRef = E4AC661524026B180081424E /* AppDelegate.swift */; };
		E4AC661824026B180081424E /* SceneDelegate.swift in Sources */ = {isa = PBXBuildFile; fileRef = E4AC661724026B180081424E /* SceneDelegate.swift */; };
		E4AC661A24026B180081424E /* ViewController.swift in Sources */ = {isa = PBXBuildFile; fileRef = E4AC661924026B180081424E /* ViewController.swift */; };
		E4AC661D24026B180081424E /* Main.storyboard in Resources */ = {isa = PBXBuildFile; fileRef = E4AC661B24026B180081424E /* Main.storyboard */; };
		E4AC661F24026B1A0081424E /* Assets.xcassets in Resources */ = {isa = PBXBuildFile; fileRef = E4AC661E24026B1A0081424E /* Assets.xcassets */; };
		E4AC662224026B1A0081424E /* LaunchScreen.storyboard in Resources */ = {isa = PBXBuildFile; fileRef = E4AC662024026B1A0081424E /* LaunchScreen.storyboard */; };
		E4AC662A24026C480081424E /* PresentViewController.swift in Sources */ = {isa = PBXBuildFile; fileRef = E4AC662924026C480081424E /* PresentViewController.swift */; };
/* End PBXBuildFile section */

/* Begin PBXFileReference section */
		E4AC661224026B180081424E /* presentTest.app */ = {isa = PBXFileReference; explicitFileType = wrapper.application; includeInIndex = 0; path = presentTest.app; sourceTree = BUILT_PRODUCTS_DIR; };
		E4AC661524026B180081424E /* AppDelegate.swift */ = {isa = PBXFileReference; lastKnownFileType = sourcecode.swift; path = AppDelegate.swift; sourceTree = "<group>"; };
		E4AC661724026B180081424E /* SceneDelegate.swift */ = {isa = PBXFileReference; lastKnownFileType = sourcecode.swift; path = SceneDelegate.swift; sourceTree = "<group>"; };
		E4AC661924026B180081424E /* ViewController.swift */ = {isa = PBXFileReference; lastKnownFileType = sourcecode.swift; path = ViewController.swift; sourceTree = "<group>"; };
		E4AC661C24026B180081424E /* Base */ = {isa = PBXFileReference; lastKnownFileType = file.storyboard; name = Base; path = Base.lproj/Main.storyboard; sourceTree = "<group>"; };
		E4AC661E24026B1A0081424E /* Assets.xcassets */ = {isa = PBXFileReference; lastKnownFileType = folder.assetcatalog; path = Assets.xcassets; sourceTree = "<group>"; };
		E4AC662124026B1A0081424E /* Base */ = {isa = PBXFileReference; lastKnownFileType = file.storyboard; name = Base; path = Base.lproj/LaunchScreen.storyboard; sourceTree = "<group>"; };
		E4AC662324026B1A0081424E /* Info.plist */ = {isa = PBXFileReference; lastKnownFileType = text.plist.xml; path = Info.plist; sourceTree = "<group>"; };
		E4AC662924026C480081424E /* PresentViewController.swift */ = {isa = PBXFileReference; lastKnownFileType = sourcecode.swift; path = PresentViewController.swift; sourceTree = "<group>"; };
/* End PBXFileReference section */

/* Begin PBXFrameworksBuildPhase section */
		E4AC660F24026B180081424E /* Frameworks */ = {
			isa = PBXFrameworksBuildPhase;
			buildActionMask = 2147483647;
			files = (
			);
			runOnlyForDeploymentPostprocessing = 0;
		};
/* End PBXFrameworksBuildPhase section */

/* Begin PBXGroup section */
		E4AC660924026B180081424E = {
			isa = PBXGroup;
			children = (
				E4AC661424026B180081424E /* presentTest */,
				E4AC661324026B180081424E /* Products */,
			);
			sourceTree = "<group>";
		};
		E4AC661324026B180081424E /* Products */ = {
			isa = PBXGroup;
			children = (
				E4AC661224026B180081424E /* presentTest.app */,
			);
			name = Products;
			sourceTree = "<group>";
		};
		E4AC661424026B180081424E /* presentTest */ = {
			isa = PBXGroup;
			children = (
				E4AC661524026B180081424E /* AppDelegate.swift */,
				E4AC661724026B180081424E /* SceneDelegate.swift */,
				E4AC661924026B180081424E /* ViewController.swift */,
				E4AC662924026C480081424E /* PresentViewController.swift */,
				E4AC661B24026B180081424E /* Main.storyboard */,
				E4AC661E24026B1A0081424E /* Assets.xcassets */,
				E4AC662024026B1A0081424E /* LaunchScreen.storyboard */,
				E4AC662324026B1A0081424E /* Info.plist */,
			);
			path = presentTest;
			sourceTree = "<group>";
		};
/* End PBXGroup section */

/* Begin PBXNativeTarget section */
		E4AC661124026B180081424E /* presentTest */ = {
			isa = PBXNativeTarget;
			buildConfigurationList = E4AC662624026B1A0081424E /* Build configuration list for PBXNativeTarget "presentTest" */;
			buildPhases = (
				E4AC660E24026B180081424E /* Sources */,
				E4AC660F24026B180081424E /* Frameworks */,
				E4AC661024026B180081424E /* Resources */,
			);
			buildRules = (
			);
			dependencies = (
			);
			name = presentTest;
			productName = presentTest;
			productReference = E4AC661224026B180081424E /* presentTest.app */;
			productType = "com.apple.product-type.application";
		};
/* End PBXNativeTarget section */

/* Begin PBXProject section */
		E4AC660A24026B180081424E /* Project object */ = {
			isa = PBXProject;
			attributes = {
				LastSwiftUpdateCheck = 1130;
				LastUpgradeCheck = 1130;
				ORGANIZATIONNAME = "April LEE";
				TargetAttributes = {
					E4AC661124026B180081424E = {
						CreatedOnToolsVersion = 11.3;
					};
				};
			};
			buildConfigurationList = E4AC660D24026B180081424E /* Build configuration list for PBXProject "presentTest" */;
			compatibilityVersion = "Xcode 9.3";
			developmentRegion = en;
			hasScannedForEncodings = 0;
			knownRegions = (
				en,
				Base,
			);
			mainGroup = E4AC660924026B180081424E;
			productRefGroup = E4AC661324026B180081424E /* Products */;
			projectDirPath = "";
			projectRoot = "";
			targets = (
				E4AC661124026B180081424E /* presentTest */,
			);
		};
/* End PBXProject section */

/* Begin PBXResourcesBuildPhase section */
		E4AC661024026B180081424E /* Resources */ = {
			isa = PBXResourcesBuildPhase;
			buildActionMask = 2147483647;
			files = (
				E4AC662224026B1A0081424E /* LaunchScreen.storyboard in Resources */,
				E4AC661F24026B1A0081424E /* Assets.xcassets in Resources */,
				E4AC661D24026B180081424E /* Main.storyboard in Resources */,
			);
			runOnlyForDeploymentPostprocessing = 0;
		};
/* End PBXResourcesBuildPhase section */

/* Begin PBXSourcesBuildPhase section */
		E4AC660E24026B180081424E /* Sources */ = {
			isa = PBXSourcesBuildPhase;
			buildActionMask = 2147483647;
			files = (
				E4AC661A24026B180081424E /* ViewController.swift in Sources */,
				E4AC661624026B180081424E /* AppDelegate.swift in Sources */,
				E4AC662A24026C480081424E /* PresentViewController.swift in Sources */,
				E4AC661824026B180081424E /* SceneDelegate.swift in Sources */,
			);
			runOnlyForDeploymentPostprocessing = 0;
		};
/* End PBXSourcesBuildPhase section */

/* Begin PBXVariantGroup section */
		E4AC661B24026B180081424E /* Main.storyboard */ = {
			isa = PBXVariantGroup;
			children = (
				E4AC661C24026B180081424E /* Base */,
			);
			name = Main.storyboard;
			sourceTree = "<group>";
		};
		E4AC662024026B1A0081424E /* LaunchScreen.storyboard */ = {
			isa = PBXVariantGroup;
			children = (
				E4AC662124026B1A0081424E /* Base */,
			);
			name = LaunchScreen.storyboard;
			sourceTree = "<group>";
		};
/* End PBXVariantGroup section */

/* Begin XCBuildConfiguration section */
		E4AC662424026B1A0081424E /* Debug */ = {
			isa = XCBuildConfiguration;
			buildSettings = {
				ALWAYS_SEARCH_USER_PATHS = NO;
				CLANG_ANALYZER_NONNULL = YES;
				CLANG_ANALYZER_NUMBER_OBJECT_CONVERSION = YES_AGGRESSIVE;
				CLANG_CXX_LANGUAGE_STANDARD = "gnu++14";
				CLANG_CXX_LIBRARY = "libc++";
				CLANG_ENABLE_MODULES = YES;
				CLANG_ENABLE_OBJC_ARC = YES;
				CLANG_ENABLE_OBJC_WEAK = YES;
				CLANG_WARN_BLOCK_CAPTURE_AUTORELEASING = YES;
				CLANG_WARN_BOOL_CONVERSION = YES;
				CLANG_WARN_COMMA = YES;
				CLANG_WARN_CONSTANT_CONVERSION = YES;
				CLANG_WARN_DEPRECATED_OBJC_IMPLEMENTATIONS = YES;
				CLANG_WARN_DIRECT_OBJC_ISA_USAGE = YES_ERROR;
				CLANG_WARN_DOCUMENTATION_COMMENTS = YES;
				CLANG_WARN_EMPTY_BODY = YES;
				CLANG_WARN_ENUM_CONVERSION = YES;
				CLANG_WARN_INFINITE_RECURSION = YES;
				CLANG_WARN_INT_CONVERSION = YES;
				CLANG_WARN_NON_LITERAL_NULL_CONVERSION = YES;
				CLANG_WARN_OBJC_IMPLICIT_RETAIN_SELF = YES;
				CLANG_WARN_OBJC_LITERAL_CONVERSION = YES;
				CLANG_WARN_OBJC_ROOT_CLASS = YES_ERROR;
				CLANG_WARN_RANGE_LOOP_ANALYSIS = YES;
				CLANG_WARN_STRICT_PROTOTYPES = YES;
				CLANG_WARN_SUSPICIOUS_MOVE = YES;
				CLANG_WARN_UNGUARDED_AVAILABILITY = YES_AGGRESSIVE;
				CLANG_WARN_UNREACHABLE_CODE = YES;
				CLANG_WARN__DUPLICATE_METHOD_MATCH = YES;
				COPY_PHASE_STRIP = NO;
				DEBUG_INFORMATION_FORMAT = dwarf;
				ENABLE_STRICT_OBJC_MSGSEND = YES;
				ENABLE_TESTABILITY = YES;
				GCC_C_LANGUAGE_STANDARD = gnu11;
				GCC_DYNAMIC_NO_PIC = NO;
				GCC_NO_COMMON_BLOCKS = YES;
				GCC_OPTIMIZATION_LEVEL = 0;
				GCC_PREPROCESSOR_DEFINITIONS = (
					"DEBUG=1",
					"$(inherited)",
				);
				GCC_WARN_64_TO_32_BIT_CONVERSION = YES;
				GCC_WARN_ABOUT_RETURN_TYPE = YES_ERROR;
				GCC_WARN_UNDECLARED_SELECTOR = YES;
				GCC_WARN_UNINITIALIZED_AUTOS = YES_AGGRESSIVE;
				GCC_WARN_UNUSED_FUNCTION = YES;
				GCC_WARN_UNUSED_VARIABLE = YES;
				IPHONEOS_DEPLOYMENT_TARGET = 13.2;
				MTL_ENABLE_DEBUG_INFO = INCLUDE_SOURCE;
				MTL_FAST_MATH = YES;
				ONLY_ACTIVE_ARCH = YES;
				SDKROOT = iphoneos;
				SWIFT_ACTIVE_COMPILATION_CONDITIONS = DEBUG;
				SWIFT_OPTIMIZATION_LEVEL = "-Onone";
			};
			name = Debug;
		};
		E4AC662524026B1A0081424E /* Release */ = {
			isa = XCBuildConfiguration;
			buildSettings = {
				ALWAYS_SEARCH_USER_PATHS = NO;
				CLANG_ANALYZER_NONNULL = YES;
				CLANG_ANALYZER_NUMBER_OBJECT_CONVERSION = YES_AGGRESSIVE;
				CLANG_CXX_LANGUAGE_STANDARD = "gnu++14";
				CLANG_CXX_LIBRARY = "libc++";
				CLANG_ENABLE_MODULES = YES;
				CLANG_ENABLE_OBJC_ARC = YES;
				CLANG_ENABLE_OBJC_WEAK = YES;
				CLANG_WARN_BLOCK_CAPTURE_AUTORELEASING = YES;
				CLANG_WARN_BOOL_CONVERSION = YES;
				CLANG_WARN_COMMA = YES;
				CLANG_WARN_CONSTANT_CONVERSION = YES;
				CLANG_WARN_DEPRECATED_OBJC_IMPLEMENTATIONS = YES;
				CLANG_WARN_DIRECT_OBJC_ISA_USAGE = YES_ERROR;
				CLANG_WARN_DOCUMENTATION_COMMENTS = YES;
				CLANG_WARN_EMPTY_BODY = YES;
				CLANG_WARN_ENUM_CONVERSION = YES;
				CLANG_WARN_INFINITE_RECURSION = YES;
				CLANG_WARN_INT_CONVERSION = YES;
				CLANG_WARN_NON_LITERAL_NULL_CONVERSION = YES;
				CLANG_WARN_OBJC_IMPLICIT_RETAIN_SELF = YES;
				CLANG_WARN_OBJC_LITERAL_CONVERSION = YES;
				CLANG_WARN_OBJC_ROOT_CLASS = YES_ERROR;
				CLANG_WARN_RANGE_LOOP_ANALYSIS = YES;
				CLANG_WARN_STRICT_PROTOTYPES = YES;
				CLANG_WARN_SUSPICIOUS_MOVE = YES;
				CLANG_WARN_UNGUARDED_AVAILABILITY = YES_AGGRESSIVE;
				CLANG_WARN_UNREACHABLE_CODE = YES;
				CLANG_WARN__DUPLICATE_METHOD_MATCH = YES;
				COPY_PHASE_STRIP = NO;
				DEBUG_INFORMATION_FORMAT = "dwarf-with-dsym";
				ENABLE_NS_ASSERTIONS = NO;
				ENABLE_STRICT_OBJC_MSGSEND = YES;
				GCC_C_LANGUAGE_STANDARD = gnu11;
				GCC_NO_COMMON_BLOCKS = YES;
				GCC_WARN_64_TO_32_BIT_CONVERSION = YES;
				GCC_WARN_ABOUT_RETURN_TYPE = YES_ERROR;
				GCC_WARN_UNDECLARED_SELECTOR = YES;
				GCC_WARN_UNINITIALIZED_AUTOS = YES_AGGRESSIVE;
				GCC_WARN_UNUSED_FUNCTION = YES;
				GCC_WARN_UNUSED_VARIABLE = YES;
				IPHONEOS_DEPLOYMENT_TARGET = 13.2;
				MTL_ENABLE_DEBUG_INFO = NO;
				MTL_FAST_MATH = YES;
				SDKROOT = iphoneos;
				SWIFT_COMPILATION_MODE = wholemodule;
				SWIFT_OPTIMIZATION_LEVEL = "-O";
				VALIDATE_PRODUCT = YES;
			};
			name = Release;
		};
		E4AC662724026B1A0081424E /* Debug */ = {
			isa = XCBuildConfiguration;
			buildSettings = {
				ASSETCATALOG_COMPILER_APPICON_NAME = AppIcon;
				CODE_SIGN_STYLE = Automatic;
				DEVELOPMENT_TEAM = 72M2493FFK;
				INFOPLIST_FILE = presentTest/Info.plist;
				LD_RUNPATH_SEARCH_PATHS = (
					"$(inherited)",
					"@executable_path/Frameworks",
				);
				PRODUCT_BUNDLE_IDENTIFIER = com.kkstream.presentTest;
				PRODUCT_NAME = "$(TARGET_NAME)";
				SWIFT_VERSION = 5.0;
				TARGETED_DEVICE_FAMILY = "1,2";
			};
			name = Debug;
		};
		E4AC662824026B1A0081424E /* Release */ = {
			isa = XCBuildConfiguration;
			buildSettings = {
				ASSETCATALOG_COMPILER_APPICON_NAME = AppIcon;
				CODE_SIGN_STYLE = Automatic;
				DEVELOPMENT_TEAM = 72M2493FFK;
				INFOPLIST_FILE = presentTest/Info.plist;
				LD_RUNPATH_SEARCH_PATHS = (
					"$(inherited)",
					"@executable_path/Frameworks",
				);
				PRODUCT_BUNDLE_IDENTIFIER = com.kkstream.presentTest;
				PRODUCT_NAME = "$(TARGET_NAME)";
				SWIFT_VERSION = 5.0;
				TARGETED_DEVICE_FAMILY = "1,2";
			};
			name = Release;
		};
/* End XCBuildConfiguration section */

/* Begin XCConfigurationList section */
		E4AC660D24026B180081424E /* Build configuration list for PBXProject "presentTest" */ = {
			isa = XCConfigurationList;
			buildConfigurations = (
				E4AC662424026B1A0081424E /* Debug */,
				E4AC662524026B1A0081424E /* Release */,
			);
			defaultConfigurationIsVisible = 0;
			defaultConfigurationName = Release;
		};
		E4AC662624026B1A0081424E /* Build configuration list for PBXNativeTarget "presentTest" */ = {
			isa = XCConfigurationList;
			buildConfigurations = (
				E4AC662724026B1A0081424E /* Debug */,
				E4AC662824026B1A0081424E /* Release */,
			);
			defaultConfigurationIsVisible = 0;
			defaultConfigurationName = Release;
		};
/* End XCConfigurationList section */
	};
	rootObject = E4AC660A24026B180081424E /* Project object */;
}
